
Microsoft Visual Studio Solution File, Format Version 12.00
# Visual Studio Version 17
VisualStudioVersion = 17.5.33414.496
MinimumVisualStudioVersion = 10.0.40219.1
Project("{FAE04EC0-301F-11D3-BF4B-00C04F79EFBC}") = "Herencia", "Herencia\Herencia.csproj", "{6950E6A5-E3D6-4CA7-9388-22459AFB39AC}"
EndProject
Global
	GlobalSection(SolutionConfigurationPlatforms) = preSolution
		Debug|Any CPU = Debug|Any CPU
		Release|Any CPU = Release|Any CPU
	EndGlobalSection
	GlobalSection(ProjectConfigurationPlatforms) = postSolution
		{6950E6A5-E3D6-4CA7-9388-22459AFB39AC}.Debug|Any CPU.ActiveCfg = Debug|Any CPU
		{6950E6A5-E3D6-4CA7-9388-22459AFB39AC}.Debug|Any CPU.Build.0 = Debug|Any CPU
		{6950E6A5-E3D6-4CA7-9388-22459AFB39AC}.Release|Any CPU.ActiveCfg = Release|Any CPU
		{6950E6A5-E3D6-4CA7-9388-22459AFB39AC}.Release|Any CPU.Build.0 = Release|Any CPU
	EndGlobalSection
	GlobalSection(SolutionProperties) = preSolution
		HideSolutionNode = FALSE
	EndGlobalSection
	GlobalSection(ExtensibilityGlobals) = postSolution
		SolutionGuid = {67FE2CE4-CABD-461B-8A66-C0BE30F02A9D}
	EndGlobalSection
EndGlobal
